// !$*UTF8*$!
{
	archiveVersion = 1;
	classes = {
	};
	objectVersion = 56;
	objects = {

/* Begin PBXBuildFile section */
		282FF71E4A8BCCA865927F6D /* Pods_WorldWonders.framework in Frameworks */ = {isa = PBXBuildFile; fileRef = 12640BAB29AC68D8C24E4E93 /* Pods_WorldWonders.framework */; };
		312AAE992B64546F001E0BD5 /* AppDelegate.swift in Sources */ = {isa = PBXBuildFile; fileRef = 312AAE982B64546F001E0BD5 /* AppDelegate.swift */; };
		312AAE9B2B64546F001E0BD5 /* SceneDelegate.swift in Sources */ = {isa = PBXBuildFile; fileRef = 312AAE9A2B64546F001E0BD5 /* SceneDelegate.swift */; };
		312AAE9D2B64546F001E0BD5 /* ViewController.swift in Sources */ = {isa = PBXBuildFile; fileRef = 312AAE9C2B64546F001E0BD5 /* ViewController.swift */; };
		312AAEA02B64546F001E0BD5 /* Main.storyboard in Resources */ = {isa = PBXBuildFile; fileRef = 312AAE9E2B64546F001E0BD5 /* Main.storyboard */; };
		312AAEA22B645475001E0BD5 /* Assets.xcassets in Resources */ = {isa = PBXBuildFile; fileRef = 312AAEA12B645475001E0BD5 /* Assets.xcassets */; };
		312AAEA52B645475001E0BD5 /* LaunchScreen.storyboard in Resources */ = {isa = PBXBuildFile; fileRef = 312AAEA32B645475001E0BD5 /* LaunchScreen.storyboard */; };
		312AAEB02B645475001E0BD5 /* WorldWondersTests.swift in Sources */ = {isa = PBXBuildFile; fileRef = 312AAEAF2B645475001E0BD5 /* WorldWondersTests.swift */; };
		312AAEBA2B645475001E0BD5 /* WorldWondersUITests.swift in Sources */ = {isa = PBXBuildFile; fileRef = 312AAEB92B645475001E0BD5 /* WorldWondersUITests.swift */; };
		312AAEBC2B645475001E0BD5 /* WorldWondersUITestsLaunchTests.swift in Sources */ = {isa = PBXBuildFile; fileRef = 312AAEBB2B645475001E0BD5 /* WorldWondersUITestsLaunchTests.swift */; };
		312AAEC92B645812001E0BD5 /* TableViewController.swift in Sources */ = {isa = PBXBuildFile; fileRef = 312AAEC82B645812001E0BD5 /* TableViewController.swift */; };
		312AAECB2B645878001E0BD5 /* WonderTableViewCell.swift in Sources */ = {isa = PBXBuildFile; fileRef = 312AAECA2B645878001E0BD5 /* WonderTableViewCell.swift */; };
		312AAECD2B645A6D001E0BD5 /* WorldWonder.swift in Sources */ = {isa = PBXBuildFile; fileRef = 312AAECC2B645A6D001E0BD5 /* WorldWonder.swift */; };
		3AACFD36D255C842C9C6B719 /* Pods_WorldWonders_WorldWondersUITests.framework in Frameworks */ = {isa = PBXBuildFile; fileRef = BD77E29974CCB3EC73470082 /* Pods_WorldWonders_WorldWondersUITests.framework */; };
		BAD2B533C634EF33BDF1ECF7 /* Pods_WorldWondersTests.framework in Frameworks */ = {isa = PBXBuildFile; fileRef = E9E9B487515C19C9455FDB6C /* Pods_WorldWondersTests.framework */; };
/* End PBXBuildFile section */

/* Begin PBXContainerItemProxy section */
		312AAEAC2B645475001E0BD5 /* PBXContainerItemProxy */ = {
			isa = PBXContainerItemProxy;
			containerPortal = 312AAE8D2B64546F001E0BD5 /* Project object */;
			proxyType = 1;
			remoteGlobalIDString = 312AAE942B64546F001E0BD5;
			remoteInfo = WorldWonders;
		};
		312AAEB62B645475001E0BD5 /* PBXContainerItemProxy */ = {
			isa = PBXContainerItemProxy;
			containerPortal = 312AAE8D2B64546F001E0BD5 /* Project object */;
			proxyType = 1;
			remoteGlobalIDString = 312AAE942B64546F001E0BD5;
			remoteInfo = WorldWonders;
		};
/* End PBXContainerItemProxy section */

/* Begin PBXFileReference section */
		0B782085A3A90E80327FE959 /* Pods-WorldWonders-WorldWondersUITests.release.xcconfig */ = {isa = PBXFileReference; includeInIndex = 1; lastKnownFileType = text.xcconfig; name = "Pods-WorldWonders-WorldWondersUITests.release.xcconfig"; path = "Target Support Files/Pods-WorldWonders-WorldWondersUITests/Pods-WorldWonders-WorldWondersUITests.release.xcconfig"; sourceTree = "<group>"; };
		12640BAB29AC68D8C24E4E93 /* Pods_WorldWonders.framework */ = {isa = PBXFileReference; explicitFileType = wrapper.framework; includeInIndex = 0; path = Pods_WorldWonders.framework; sourceTree = BUILT_PRODUCTS_DIR; };
		312AAE952B64546F001E0BD5 /* WorldWonders.app */ = {isa = PBXFileReference; explicitFileType = wrapper.application; includeInIndex = 0; path = WorldWonders.app; sourceTree = BUILT_PRODUCTS_DIR; };
		312AAE982B64546F001E0BD5 /* AppDelegate.swift */ = {isa = PBXFileReference; lastKnownFileType = sourcecode.swift; path = AppDelegate.swift; sourceTree = "<group>"; };
		312AAE9A2B64546F001E0BD5 /* SceneDelegate.swift */ = {isa = PBXFileReference; lastKnownFileType = sourcecode.swift; path = SceneDelegate.swift; sourceTree = "<group>"; };
		312AAE9C2B64546F001E0BD5 /* ViewController.swift */ = {isa = PBXFileReference; lastKnownFileType = sourcecode.swift; path = ViewController.swift; sourceTree = "<group>"; };
		312AAE9F2B64546F001E0BD5 /* Base */ = {isa = PBXFileReference; lastKnownFileType = file.storyboard; name = Base; path = Base.lproj/Main.storyboard; sourceTree = "<group>"; };
		312AAEA12B645475001E0BD5 /* Assets.xcassets */ = {isa = PBXFileReference; lastKnownFileType = folder.assetcatalog; path = Assets.xcassets; sourceTree = "<group>"; };
		312AAEA42B645475001E0BD5 /* Base */ = {isa = PBXFileReference; lastKnownFileType = file.storyboard; name = Base; path = Base.lproj/LaunchScreen.storyboard; sourceTree = "<group>"; };
		312AAEA62B645475001E0BD5 /* Info.plist */ = {isa = PBXFileReference; lastKnownFileType = text.plist.xml; path = Info.plist; sourceTree = "<group>"; };
		312AAEAB2B645475001E0BD5 /* WorldWondersTests.xctest */ = {isa = PBXFileReference; explicitFileType = wrapper.cfbundle; includeInIndex = 0; path = WorldWondersTests.xctest; sourceTree = BUILT_PRODUCTS_DIR; };
		312AAEAF2B645475001E0BD5 /* WorldWondersTests.swift */ = {isa = PBXFileReference; lastKnownFileType = sourcecode.swift; path = WorldWondersTests.swift; sourceTree = "<group>"; };
		312AAEB52B645475001E0BD5 /* WorldWondersUITests.xctest */ = {isa = PBXFileReference; explicitFileType = wrapper.cfbundle; includeInIndex = 0; path = WorldWondersUITests.xctest; sourceTree = BUILT_PRODUCTS_DIR; };
		312AAEB92B645475001E0BD5 /* WorldWondersUITests.swift */ = {isa = PBXFileReference; lastKnownFileType = sourcecode.swift; path = WorldWondersUITests.swift; sourceTree = "<group>"; };
		312AAEBB2B645475001E0BD5 /* WorldWondersUITestsLaunchTests.swift */ = {isa = PBXFileReference; lastKnownFileType = sourcecode.swift; path = WorldWondersUITestsLaunchTests.swift; sourceTree = "<group>"; };
		312AAEC82B645812001E0BD5 /* TableViewController.swift */ = {isa = PBXFileReference; lastKnownFileType = sourcecode.swift; path = TableViewController.swift; sourceTree = "<group>"; };
		312AAECA2B645878001E0BD5 /* WonderTableViewCell.swift */ = {isa = PBXFileReference; lastKnownFileType = sourcecode.swift; path = WonderTableViewCell.swift; sourceTree = "<group>"; };
		312AAECC2B645A6D001E0BD5 /* WorldWonder.swift */ = {isa = PBXFileReference; lastKnownFileType = sourcecode.swift; path = WorldWonder.swift; sourceTree = "<group>"; };
		57E9E274E803345E72686A81 /* Pods-WorldWonders-WorldWondersUITests.debug.xcconfig */ = {isa = PBXFileReference; includeInIndex = 1; lastKnownFileType = text.xcconfig; name = "Pods-WorldWonders-WorldWondersUITests.debug.xcconfig"; path = "Target Support Files/Pods-WorldWonders-WorldWondersUITests/Pods-WorldWonders-WorldWondersUITests.debug.xcconfig"; sourceTree = "<group>"; };
		5C06E64073072124ACF7A928 /* Pods-WorldWonders.debug.xcconfig */ = {isa = PBXFileReference; includeInIndex = 1; lastKnownFileType = text.xcconfig; name = "Pods-WorldWonders.debug.xcconfig"; path = "Target Support Files/Pods-WorldWonders/Pods-WorldWonders.debug.xcconfig"; sourceTree = "<group>"; };
		6F51D7674FB1FFB39EA7A4FD /* Pods-WorldWondersTests.debug.xcconfig */ = {isa = PBXFileReference; includeInIndex = 1; lastKnownFileType = text.xcconfig; name = "Pods-WorldWondersTests.debug.xcconfig"; path = "Target Support Files/Pods-WorldWondersTests/Pods-WorldWondersTests.debug.xcconfig"; sourceTree = "<group>"; };
		8684A4A277A0FFAD2C52D077 /* Pods-WorldWondersTests.release.xcconfig */ = {isa = PBXFileReference; includeInIndex = 1; lastKnownFileType = text.xcconfig; name = "Pods-WorldWondersTests.release.xcconfig"; path = "Target Support Files/Pods-WorldWondersTests/Pods-WorldWondersTests.release.xcconfig"; sourceTree = "<group>"; };
		BD77E29974CCB3EC73470082 /* Pods_WorldWonders_WorldWondersUITests.framework */ = {isa = PBXFileReference; explicitFileType = wrapper.framework; includeInIndex = 0; path = Pods_WorldWonders_WorldWondersUITests.framework; sourceTree = BUILT_PRODUCTS_DIR; };
		E9E9B487515C19C9455FDB6C /* Pods_WorldWondersTests.framework */ = {isa = PBXFileReference; explicitFileType = wrapper.framework; includeInIndex = 0; path = Pods_WorldWondersTests.framework; sourceTree = BUILT_PRODUCTS_DIR; };
		FAC1DB34B9113790213CE6CC /* Pods-WorldWonders.release.xcconfig */ = {isa = PBXFileReference; includeInIndex = 1; lastKnownFileType = text.xcconfig; name = "Pods-WorldWonders.release.xcconfig"; path = "Target Support Files/Pods-WorldWonders/Pods-WorldWonders.release.xcconfig"; sourceTree = "<group>"; };
/* End PBXFileReference section */

/* Begin PBXFrameworksBuildPhase section */
		312AAE922B64546F001E0BD5 /* Frameworks */ = {
			isa = PBXFrameworksBuildPhase;
			buildActionMask = 2147483647;
			files = (
				282FF71E4A8BCCA865927F6D /* Pods_WorldWonders.framework in Frameworks */,
			);
			runOnlyForDeploymentPostprocessing = 0;
		};
		312AAEA82B645475001E0BD5 /* Frameworks */ = {
			isa = PBXFrameworksBuildPhase;
			buildActionMask = 2147483647;
			files = (
				BAD2B533C634EF33BDF1ECF7 /* Pods_WorldWondersTests.framework in Frameworks */,
			);
			runOnlyForDeploymentPostprocessing = 0;
		};
		312AAEB22B645475001E0BD5 /* Frameworks */ = {
			isa = PBXFrameworksBuildPhase;
			buildActionMask = 2147483647;
			files = (
				3AACFD36D255C842C9C6B719 /* Pods_WorldWonders_WorldWondersUITests.framework in Frameworks */,
			);
			runOnlyForDeploymentPostprocessing = 0;
		};
/* End PBXFrameworksBuildPhase section */

/* Begin PBXGroup section */
		312AAE8C2B64546F001E0BD5 = {
			isa = PBXGroup;
			children = (
				312AAE972B64546F001E0BD5 /* WorldWonders */,
				312AAEAE2B645475001E0BD5 /* WorldWondersTests */,
				312AAEB82B645475001E0BD5 /* WorldWondersUITests */,
				312AAE962B64546F001E0BD5 /* Products */,
				6BD6C99F9F9E2365E7845F57 /* Pods */,
				31B84E8D750E8602D5975936 /* Frameworks */,
			);
			sourceTree = "<group>";
		};
		312AAE962B64546F001E0BD5 /* Products */ = {
			isa = PBXGroup;
			children = (
				312AAE952B64546F001E0BD5 /* WorldWonders.app */,
				312AAEAB2B645475001E0BD5 /* WorldWondersTests.xctest */,
				312AAEB52B645475001E0BD5 /* WorldWondersUITests.xctest */,
			);
			name = Products;
			sourceTree = "<group>";
		};
		312AAE972B64546F001E0BD5 /* WorldWonders */ = {
			isa = PBXGroup;
			children = (
				312AAE982B64546F001E0BD5 /* AppDelegate.swift */,
				312AAE9A2B64546F001E0BD5 /* SceneDelegate.swift */,
				312AAE9C2B64546F001E0BD5 /* ViewController.swift */,
				312AAEC82B645812001E0BD5 /* TableViewController.swift */,
				312AAECA2B645878001E0BD5 /* WonderTableViewCell.swift */,
				312AAECC2B645A6D001E0BD5 /* WorldWonder.swift */,
				312AAE9E2B64546F001E0BD5 /* Main.storyboard */,
				312AAEA12B645475001E0BD5 /* Assets.xcassets */,
				312AAEA32B645475001E0BD5 /* LaunchScreen.storyboard */,
				312AAEA62B645475001E0BD5 /* Info.plist */,
			);
			path = WorldWonders;
			sourceTree = "<group>";
		};
		312AAEAE2B645475001E0BD5 /* WorldWondersTests */ = {
			isa = PBXGroup;
			children = (
				312AAEAF2B645475001E0BD5 /* WorldWondersTests.swift */,
			);
			path = WorldWondersTests;
			sourceTree = "<group>";
		};
		312AAEB82B645475001E0BD5 /* WorldWondersUITests */ = {
			isa = PBXGroup;
			children = (
				312AAEB92B645475001E0BD5 /* WorldWondersUITests.swift */,
				312AAEBB2B645475001E0BD5 /* WorldWondersUITestsLaunchTests.swift */,
			);
			path = WorldWondersUITests;
			sourceTree = "<group>";
		};
		31B84E8D750E8602D5975936 /* Frameworks */ = {
			isa = PBXGroup;
			children = (
				12640BAB29AC68D8C24E4E93 /* Pods_WorldWonders.framework */,
				BD77E29974CCB3EC73470082 /* Pods_WorldWonders_WorldWondersUITests.framework */,
				E9E9B487515C19C9455FDB6C /* Pods_WorldWondersTests.framework */,
			);
			name = Frameworks;
			sourceTree = "<group>";
		};
		6BD6C99F9F9E2365E7845F57 /* Pods */ = {
			isa = PBXGroup;
			children = (
				5C06E64073072124ACF7A928 /* Pods-WorldWonders.debug.xcconfig */,
				FAC1DB34B9113790213CE6CC /* Pods-WorldWonders.release.xcconfig */,
				57E9E274E803345E72686A81 /* Pods-WorldWonders-WorldWondersUITests.debug.xcconfig */,
				0B782085A3A90E80327FE959 /* Pods-WorldWonders-WorldWondersUITests.release.xcconfig */,
				6F51D7674FB1FFB39EA7A4FD /* Pods-WorldWondersTests.debug.xcconfig */,
				8684A4A277A0FFAD2C52D077 /* Pods-WorldWondersTests.release.xcconfig */,
			);
			path = Pods;
			sourceTree = "<group>";
		};
/* End PBXGroup section */

/* Begin PBXNativeTarget section */
		312AAE942B64546F001E0BD5 /* WorldWonders */ = {
			isa = PBXNativeTarget;
			buildConfigurationList = 312AAEBF2B645475001E0BD5 /* Build configuration list for PBXNativeTarget "WorldWonders" */;
			buildPhases = (
				49992034BC132C7B0C0DFFED /* [CP] Check Pods Manifest.lock */,
				312AAE912B64546F001E0BD5 /* Sources */,
				312AAE922B64546F001E0BD5 /* Frameworks */,
				312AAE932B64546F001E0BD5 /* Resources */,
				34D78731FBF3BC8E2FE52A68 /* [CP] Embed Pods Frameworks */,
			);
			buildRules = (
			);
			dependencies = (
			);
			name = WorldWonders;
			productName = WorldWonders;
			productReference = 312AAE952B64546F001E0BD5 /* WorldWonders.app */;
			productType = "com.apple.product-type.application";
		};
		312AAEAA2B645475001E0BD5 /* WorldWondersTests */ = {
			isa = PBXNativeTarget;
			buildConfigurationList = 312AAEC22B645475001E0BD5 /* Build configuration list for PBXNativeTarget "WorldWondersTests" */;
			buildPhases = (
				E4D4CFC40D9B4FB6D30CF1B2 /* [CP] Check Pods Manifest.lock */,
				312AAEA72B645475001E0BD5 /* Sources */,
				312AAEA82B645475001E0BD5 /* Frameworks */,
				312AAEA92B645475001E0BD5 /* Resources */,
			);
			buildRules = (
			);
			dependencies = (
				312AAEAD2B645475001E0BD5 /* PBXTargetDependency */,
			);
			name = WorldWondersTests;
			productName = WorldWondersTests;
			productReference = 312AAEAB2B645475001E0BD5 /* WorldWondersTests.xctest */;
			productType = "com.apple.product-type.bundle.unit-test";
		};
		312AAEB42B645475001E0BD5 /* WorldWondersUITests */ = {
			isa = PBXNativeTarget;
			buildConfigurationList = 312AAEC52B645475001E0BD5 /* Build configuration list for PBXNativeTarget "WorldWondersUITests" */;
			buildPhases = (
				BF2E48977AC4EAFAA7E3EABF /* [CP] Check Pods Manifest.lock */,
				312AAEB12B645475001E0BD5 /* Sources */,
				312AAEB22B645475001E0BD5 /* Frameworks */,
				312AAEB32B645475001E0BD5 /* Resources */,
				34695AF8F91CEA517E83D77D /* [CP] Embed Pods Frameworks */,
			);
			buildRules = (
			);
			dependencies = (
				312AAEB72B645475001E0BD5 /* PBXTargetDependency */,
			);
			name = WorldWondersUITests;
			productName = WorldWondersUITests;
			productReference = 312AAEB52B645475001E0BD5 /* WorldWondersUITests.xctest */;
			productType = "com.apple.product-type.bundle.ui-testing";
		};
/* End PBXNativeTarget section */

/* Begin PBXProject section */
		312AAE8D2B64546F001E0BD5 /* Project object */ = {
			isa = PBXProject;
			attributes = {
				BuildIndependentTargetsInParallel = 1;
				LastSwiftUpdateCheck = 1430;
				LastUpgradeCheck = 1430;
				TargetAttributes = {
					312AAE942B64546F001E0BD5 = {
						CreatedOnToolsVersion = 14.3.1;
					};
					312AAEAA2B645475001E0BD5 = {
						CreatedOnToolsVersion = 14.3.1;
						TestTargetID = 312AAE942B64546F001E0BD5;
					};
					312AAEB42B645475001E0BD5 = {
						CreatedOnToolsVersion = 14.3.1;
						TestTargetID = 312AAE942B64546F001E0BD5;
					};
				};
			};
			buildConfigurationList = 312AAE902B64546F001E0BD5 /* Build configuration list for PBXProject "WorldWonders" */;
			compatibilityVersion = "Xcode 14.0";
			developmentRegion = en;
			hasScannedForEncodings = 0;
			knownRegions = (
				en,
				Base,
			);
			mainGroup = 312AAE8C2B64546F001E0BD5;
			productRefGroup = 312AAE962B64546F001E0BD5 /* Products */;
			projectDirPath = "";
			projectRoot = "";
			targets = (
				312AAE942B64546F001E0BD5 /* WorldWonders */,
				312AAEAA2B645475001E0BD5 /* WorldWondersTests */,
				312AAEB42B645475001E0BD5 /* WorldWondersUITests */,
			);
		};
/* End PBXProject section */

/* Begin PBXResourcesBuildPhase section */
		312AAE932B64546F001E0BD5 /* Resources */ = {
			isa = PBXResourcesBuildPhase;
			buildActionMask = 2147483647;
			files = (
				312AAEA52B645475001E0BD5 /* LaunchScreen.storyboard in Resources */,
				312AAEA22B645475001E0BD5 /* Assets.xcassets in Resources */,
				312AAEA02B64546F001E0BD5 /* Main.storyboard in Resources */,
			);
			runOnlyForDeploymentPostprocessing = 0;
		};
		312AAEA92B645475001E0BD5 /* Resources */ = {
			isa = PBXResourcesBuildPhase;
			buildActionMask = 2147483647;
			files = (
			);
			runOnlyForDeploymentPostprocessing = 0;
		};
		312AAEB32B645475001E0BD5 /* Resources */ = {
			isa = PBXResourcesBuildPhase;
			buildActionMask = 2147483647;
			files = (
			);
			runOnlyForDeploymentPostprocessing = 0;
		};
/* End PBXResourcesBuildPhase section */

/* Begin PBXShellScriptBuildPhase section */
		34695AF8F91CEA517E83D77D /* [CP] Embed Pods Frameworks */ = {
			isa = PBXShellScriptBuildPhase;
			buildActionMask = 2147483647;
			files = (
			);
			inputFileListPaths = (
				"${PODS_ROOT}/Target Support Files/Pods-WorldWonders-WorldWondersUITests/Pods-WorldWonders-WorldWondersUITests-frameworks-${CONFIGURATION}-input-files.xcfilelist",
			);
			name = "[CP] Embed Pods Frameworks";
			outputFileListPaths = (
				"${PODS_ROOT}/Target Support Files/Pods-WorldWonders-WorldWondersUITests/Pods-WorldWonders-WorldWondersUITests-frameworks-${CONFIGURATION}-output-files.xcfilelist",
			);
			runOnlyForDeploymentPostprocessing = 0;
			shellPath = /bin/sh;
			shellScript = "\"${PODS_ROOT}/Target Support Files/Pods-WorldWonders-WorldWondersUITests/Pods-WorldWonders-WorldWondersUITests-frameworks.sh\"\n";
			showEnvVarsInLog = 0;
		};
		34D78731FBF3BC8E2FE52A68 /* [CP] Embed Pods Frameworks */ = {
			isa = PBXShellScriptBuildPhase;
			buildActionMask = 2147483647;
			files = (
			);
			inputFileListPaths = (
				"${PODS_ROOT}/Target Support Files/Pods-WorldWonders/Pods-WorldWonders-frameworks-${CONFIGURATION}-input-files.xcfilelist",
			);
			name = "[CP] Embed Pods Frameworks";
			outputFileListPaths = (
				"${PODS_ROOT}/Target Support Files/Pods-WorldWonders/Pods-WorldWonders-frameworks-${CONFIGURATION}-output-files.xcfilelist",
			);
			runOnlyForDeploymentPostprocessing = 0;
			shellPath = /bin/sh;
			shellScript = "\"${PODS_ROOT}/Target Support Files/Pods-WorldWonders/Pods-WorldWonders-frameworks.sh\"\n";
			showEnvVarsInLog = 0;
		};
		49992034BC132C7B0C0DFFED /* [CP] Check Pods Manifest.lock */ = {
			isa = PBXShellScriptBuildPhase;
			buildActionMask = 2147483647;
			files = (
			);
			inputFileListPaths = (
			);
			inputPaths = (
				"${PODS_PODFILE_DIR_PATH}/Podfile.lock",
				"${PODS_ROOT}/Manifest.lock",
			);
			name = "[CP] Check Pods Manifest.lock";
			outputFileListPaths = (
			);
			outputPaths = (
				"$(DERIVED_FILE_DIR)/Pods-WorldWonders-checkManifestLockResult.txt",
			);
			runOnlyForDeploymentPostprocessing = 0;
			shellPath = /bin/sh;
			shellScript = "diff \"${PODS_PODFILE_DIR_PATH}/Podfile.lock\" \"${PODS_ROOT}/Manifest.lock\" > /dev/null\nif [ $? != 0 ] ; then\n    # print error to STDERR\n    echo \"error: The sandbox is not in sync with the Podfile.lock. Run 'pod install' or update your CocoaPods installation.\" >&2\n    exit 1\nfi\n# This output is used by Xcode 'outputs' to avoid re-running this script phase.\necho \"SUCCESS\" > \"${SCRIPT_OUTPUT_FILE_0}\"\n";
			showEnvVarsInLog = 0;
		};
		BF2E48977AC4EAFAA7E3EABF /* [CP] Check Pods Manifest.lock */ = {
			isa = PBXShellScriptBuildPhase;
			buildActionMask = 2147483647;
			files = (
			);
			inputFileListPaths = (
			);
			inputPaths = (
				"${PODS_PODFILE_DIR_PATH}/Podfile.lock",
				"${PODS_ROOT}/Manifest.lock",
			);
			name = "[CP] Check Pods Manifest.lock";
			outputFileListPaths = (
			);
			outputPaths = (
				"$(DERIVED_FILE_DIR)/Pods-WorldWonders-WorldWondersUITests-checkManifestLockResult.txt",
			);
			runOnlyForDeploymentPostprocessing = 0;
			shellPath = /bin/sh;
			shellScript = "diff \"${PODS_PODFILE_DIR_PATH}/Podfile.lock\" \"${PODS_ROOT}/Manifest.lock\" > /dev/null\nif [ $? != 0 ] ; then\n    # print error to STDERR\n    echo \"error: The sandbox is not in sync with the Podfile.lock. Run 'pod install' or update your CocoaPods installation.\" >&2\n    exit 1\nfi\n# This output is used by Xcode 'outputs' to avoid re-running this script phase.\necho \"SUCCESS\" > \"${SCRIPT_OUTPUT_FILE_0}\"\n";
			showEnvVarsInLog = 0;
		};
		E4D4CFC40D9B4FB6D30CF1B2 /* [CP] Check Pods Manifest.lock */ = {
			isa = PBXShellScriptBuildPhase;
			buildActionMask = 2147483647;
			files = (
			);
			inputFileListPaths = (
			);
			inputPaths = (
				"${PODS_PODFILE_DIR_PATH}/Podfile.lock",
				"${PODS_ROOT}/Manifest.lock",
			);
			name = "[CP] Check Pods Manifest.lock";
			outputFileListPaths = (
			);
			outputPaths = (
				"$(DERIVED_FILE_DIR)/Pods-WorldWondersTests-checkManifestLockResult.txt",
			);
			runOnlyForDeploymentPostprocessing = 0;
			shellPath = /bin/sh;
			shellScript = "diff \"${PODS_PODFILE_DIR_PATH}/Podfile.lock\" \"${PODS_ROOT}/Manifest.lock\" > /dev/null\nif [ $? != 0 ] ; then\n    # print error to STDERR\n    echo \"error: The sandbox is not in sync with the Podfile.lock. Run 'pod install' or update your CocoaPods installation.\" >&2\n    exit 1\nfi\n# This output is used by Xcode 'outputs' to avoid re-running this script phase.\necho \"SUCCESS\" > \"${SCRIPT_OUTPUT_FILE_0}\"\n";
			showEnvVarsInLog = 0;
		};
/* End PBXShellScriptBuildPhase section */

/* Begin PBXSourcesBuildPhase section */
		312AAE912B64546F001E0BD5 /* Sources */ = {
			isa = PBXSourcesBuildPhase;
			buildActionMask = 2147483647;
			files = (
				312AAE9D2B64546F001E0BD5 /* ViewController.swift in Sources */,
				312AAE992B64546F001E0BD5 /* AppDelegate.swift in Sources */,
				312AAE9B2B64546F001E0BD5 /* SceneDelegate.swift in Sources */,
				312AAECB2B645878001E0BD5 /* WonderTableViewCell.swift in Sources */,
				312AAEC92B645812001E0BD5 /* TableViewController.swift in Sources */,
				312AAECD2B645A6D001E0BD5 /* WorldWonder.swift in Sources */,
			);
			runOnlyForDeploymentPostprocessing = 0;
		};
		312AAEA72B645475001E0BD5 /* Sources */ = {
			isa = PBXSourcesBuildPhase;
			buildActionMask = 2147483647;
			files = (
				312AAEB02B645475001E0BD5 /* WorldWondersTests.swift in Sources */,
			);
			runOnlyForDeploymentPostprocessing = 0;
		};
		312AAEB12B645475001E0BD5 /* Sources */ = {
			isa = PBXSourcesBuildPhase;
			buildActionMask = 2147483647;
			files = (
				312AAEBC2B645475001E0BD5 /* WorldWondersUITestsLaunchTests.swift in Sources */,
				312AAEBA2B645475001E0BD5 /* WorldWondersUITests.swift in Sources */,
			);
			runOnlyForDeploymentPostprocessing = 0;
		};
/* End PBXSourcesBuildPhase section */

/* Begin PBXTargetDependency section */
		312AAEAD2B645475001E0BD5 /* PBXTargetDependency */ = {
			isa = PBXTargetDependency;
			target = 312AAE942B64546F001E0BD5 /* WorldWonders */;
			targetProxy = 312AAEAC2B645475001E0BD5 /* PBXContainerItemProxy */;
		};
		312AAEB72B645475001E0BD5 /* PBXTargetDependency */ = {
			isa = PBXTargetDependency;
			target = 312AAE942B64546F001E0BD5 /* WorldWonders */;
			targetProxy = 312AAEB62B645475001E0BD5 /* PBXContainerItemProxy */;
		};
/* End PBXTargetDependency section */

/* Begin PBXVariantGroup section */
		312AAE9E2B64546F001E0BD5 /* Main.storyboard */ = {
			isa = PBXVariantGroup;
			children = (
				312AAE9F2B64546F001E0BD5 /* Base */,
			);
			name = Main.storyboard;
			sourceTree = "<group>";
		};
		312AAEA32B645475001E0BD5 /* LaunchScreen.storyboard */ = {
			isa = PBXVariantGroup;
			children = (
				312AAEA42B645475001E0BD5 /* Base */,
			);
			name = LaunchScreen.storyboard;
			sourceTree = "<group>";
		};
/* End PBXVariantGroup section */

/* Begin XCBuildConfiguration section */
		312AAEBD2B645475001E0BD5 /* Debug */ = {
			isa = XCBuildConfiguration;
			buildSettings = {
				ALWAYS_SEARCH_USER_PATHS = NO;
				CLANG_ANALYZER_NONNULL = YES;
				CLANG_ANALYZER_NUMBER_OBJECT_CONVERSION = YES_AGGRESSIVE;
				CLANG_CXX_LANGUAGE_STANDARD = "gnu++20";
				CLANG_ENABLE_MODULES = YES;
				CLANG_ENABLE_OBJC_ARC = YES;
				CLANG_ENABLE_OBJC_WEAK = YES;
				CLANG_WARN_BLOCK_CAPTURE_AUTORELEASING = YES;
				CLANG_WARN_BOOL_CONVERSION = YES;
				CLANG_WARN_COMMA = YES;
				CLANG_WARN_CONSTANT_CONVERSION = YES;
				CLANG_WARN_DEPRECATED_OBJC_IMPLEMENTATIONS = YES;
				CLANG_WARN_DIRECT_OBJC_ISA_USAGE = YES_ERROR;
				CLANG_WARN_DOCUMENTATION_COMMENTS = YES;
				CLANG_WARN_EMPTY_BODY = YES;
				CLANG_WARN_ENUM_CONVERSION = YES;
				CLANG_WARN_INFINITE_RECURSION = YES;
				CLANG_WARN_INT_CONVERSION = YES;
				CLANG_WARN_NON_LITERAL_NULL_CONVERSION = YES;
				CLANG_WARN_OBJC_IMPLICIT_RETAIN_SELF = YES;
				CLANG_WARN_OBJC_LITERAL_CONVERSION = YES;
				CLANG_WARN_OBJC_ROOT_CLASS = YES_ERROR;
				CLANG_WARN_QUOTED_INCLUDE_IN_FRAMEWORK_HEADER = YES;
				CLANG_WARN_RANGE_LOOP_ANALYSIS = YES;
				CLANG_WARN_STRICT_PROTOTYPES = YES;
				CLANG_WARN_SUSPICIOUS_MOVE = YES;
				CLANG_WARN_UNGUARDED_AVAILABILITY = YES_AGGRESSIVE;
				CLANG_WARN_UNREACHABLE_CODE = YES;
				CLANG_WARN__DUPLICATE_METHOD_MATCH = YES;
				COPY_PHASE_STRIP = NO;
				DEBUG_INFORMATION_FORMAT = dwarf;
				ENABLE_STRICT_OBJC_MSGSEND = YES;
				ENABLE_TESTABILITY = YES;
				GCC_C_LANGUAGE_STANDARD = gnu11;
				GCC_DYNAMIC_NO_PIC = NO;
				GCC_NO_COMMON_BLOCKS = YES;
				GCC_OPTIMIZATION_LEVEL = 0;
				GCC_PREPROCESSOR_DEFINITIONS = (
					"DEBUG=1",
					"$(inherited)",
				);
				GCC_WARN_64_TO_32_BIT_CONVERSION = YES;
				GCC_WARN_ABOUT_RETURN_TYPE = YES_ERROR;
				GCC_WARN_UNDECLARED_SELECTOR = YES;
				GCC_WARN_UNINITIALIZED_AUTOS = YES_AGGRESSIVE;
				GCC_WARN_UNUSED_FUNCTION = YES;
				GCC_WARN_UNUSED_VARIABLE = YES;
				IPHONEOS_DEPLOYMENT_TARGET = 16.4;
				MTL_ENABLE_DEBUG_INFO = INCLUDE_SOURCE;
				MTL_FAST_MATH = YES;
				ONLY_ACTIVE_ARCH = YES;
				SDKROOT = iphoneos;
				SWIFT_ACTIVE_COMPILATION_CONDITIONS = DEBUG;
				SWIFT_OPTIMIZATION_LEVEL = "-Onone";
			};
			name = Debug;
		};
		312AAEBE2B645475001E0BD5 /* Release */ = {
			isa = XCBuildConfiguration;
			buildSettings = {
				ALWAYS_SEARCH_USER_PATHS = NO;
				CLANG_ANALYZER_NONNULL = YES;
				CLANG_ANALYZER_NUMBER_OBJECT_CONVERSION = YES_AGGRESSIVE;
				CLANG_CXX_LANGUAGE_STANDARD = "gnu++20";
				CLANG_ENABLE_MODULES = YES;
				CLANG_ENABLE_OBJC_ARC = YES;
				CLANG_ENABLE_OBJC_WEAK = YES;
				CLANG_WARN_BLOCK_CAPTURE_AUTORELEASING = YES;
				CLANG_WARN_BOOL_CONVERSION = YES;
				CLANG_WARN_COMMA = YES;
				CLANG_WARN_CONSTANT_CONVERSION = YES;
				CLANG_WARN_DEPRECATED_OBJC_IMPLEMENTATIONS = YES;
				CLANG_WARN_DIRECT_OBJC_ISA_USAGE = YES_ERROR;
				CLANG_WARN_DOCUMENTATION_COMMENTS = YES;
				CLANG_WARN_EMPTY_BODY = YES;
				CLANG_WARN_ENUM_CONVERSION = YES;
				CLANG_WARN_INFINITE_RECURSION = YES;
				CLANG_WARN_INT_CONVERSION = YES;
				CLANG_WARN_NON_LITERAL_NULL_CONVERSION = YES;
				CLANG_WARN_OBJC_IMPLICIT_RETAIN_SELF = YES;
				CLANG_WARN_OBJC_LITERAL_CONVERSION = YES;
				CLANG_WARN_OBJC_ROOT_CLASS = YES_ERROR;
				CLANG_WARN_QUOTED_INCLUDE_IN_FRAMEWORK_HEADER = YES;
				CLANG_WARN_RANGE_LOOP_ANALYSIS = YES;
				CLANG_WARN_STRICT_PROTOTYPES = YES;
				CLANG_WARN_SUSPICIOUS_MOVE = YES;
				CLANG_WARN_UNGUARDED_AVAILABILITY = YES_AGGRESSIVE;
				CLANG_WARN_UNREACHABLE_CODE = YES;
				CLANG_WARN__DUPLICATE_METHOD_MATCH = YES;
				COPY_PHASE_STRIP = NO;
				DEBUG_INFORMATION_FORMAT = "dwarf-with-dsym";
				ENABLE_NS_ASSERTIONS = NO;
				ENABLE_STRICT_OBJC_MSGSEND = YES;
				GCC_C_LANGUAGE_STANDARD = gnu11;
				GCC_NO_COMMON_BLOCKS = YES;
				GCC_WARN_64_TO_32_BIT_CONVERSION = YES;
				GCC_WARN_ABOUT_RETURN_TYPE = YES_ERROR;
				GCC_WARN_UNDECLARED_SELECTOR = YES;
				GCC_WARN_UNINITIALIZED_AUTOS = YES_AGGRESSIVE;
				GCC_WARN_UNUSED_FUNCTION = YES;
				GCC_WARN_UNUSED_VARIABLE = YES;
				IPHONEOS_DEPLOYMENT_TARGET = 16.4;
				MTL_ENABLE_DEBUG_INFO = NO;
				MTL_FAST_MATH = YES;
				SDKROOT = iphoneos;
				SWIFT_COMPILATION_MODE = wholemodule;
				SWIFT_OPTIMIZATION_LEVEL = "-O";
				VALIDATE_PRODUCT = YES;
			};
			name = Release;
		};
		312AAEC02B645475001E0BD5 /* Debug */ = {
			isa = XCBuildConfiguration;
			baseConfigurationReference = 5C06E64073072124ACF7A928 /* Pods-WorldWonders.debug.xcconfig */;
			buildSettings = {
				ASSETCATALOG_COMPILER_APPICON_NAME = AppIcon;
				ASSETCATALOG_COMPILER_GLOBAL_ACCENT_COLOR_NAME = AccentColor;
				CODE_SIGN_STYLE = Automatic;
				CURRENT_PROJECT_VERSION = 1;
				GENERATE_INFOPLIST_FILE = YES;
				INFOPLIST_FILE = WorldWonders/Info.plist;
				INFOPLIST_KEY_UIApplicationSupportsIndirectInputEvents = YES;
				INFOPLIST_KEY_UILaunchStoryboardName = LaunchScreen;
				INFOPLIST_KEY_UIMainStoryboardFile = Main;
				INFOPLIST_KEY_UISupportedInterfaceOrientations_iPad = "UIInterfaceOrientationPortrait UIInterfaceOrientationPortraitUpsideDown UIInterfaceOrientationLandscapeLeft UIInterfaceOrientationLandscapeRight";
				INFOPLIST_KEY_UISupportedInterfaceOrientations_iPhone = "UIInterfaceOrientationPortrait UIInterfaceOrientationLandscapeLeft UIInterfaceOrientationLandscapeRight";
				LD_RUNPATH_SEARCH_PATHS = (
					"$(inherited)",
					"@executable_path/Frameworks",
				);
				MARKETING_VERSION = 1.0;
				PRODUCT_BUNDLE_IDENTIFIER = amelie.WorldWonders;
				PRODUCT_NAME = "$(TARGET_NAME)";
				SWIFT_EMIT_LOC_STRINGS = YES;
				SWIFT_VERSION = 5.0;
				TARGETED_DEVICE_FAMILY = "1,2";
			};
			name = Debug;
		};
		312AAEC12B645475001E0BD5 /* Release */ = {
			isa = XCBuildConfiguration;
			baseConfigurationReference = FAC1DB34B9113790213CE6CC /* Pods-WorldWonders.release.xcconfig */;
			buildSettings = {
				ASSETCATALOG_COMPILER_APPICON_NAME = AppIcon;
				ASSETCATALOG_COMPILER_GLOBAL_ACCENT_COLOR_NAME = AccentColor;
				CODE_SIGN_STYLE = Automatic;
				CURRENT_PROJECT_VERSION = 1;
				GENERATE_INFOPLIST_FILE = YES;
				INFOPLIST_FILE = WorldWonders/Info.plist;
				INFOPLIST_KEY_UIApplicationSupportsIndirectInputEvents = YES;
				INFOPLIST_KEY_UILaunchStoryboardName = LaunchScreen;
				INFOPLIST_KEY_UIMainStoryboardFile = Main;
				INFOPLIST_KEY_UISupportedInterfaceOrientations_iPad = "UIInterfaceOrientationPortrait UIInterfaceOrientationPortraitUpsideDown UIInterfaceOrientationLandscapeLeft UIInterfaceOrientationLandscapeRight";
				INFOPLIST_KEY_UISupportedInterfaceOrientations_iPhone = "UIInterfaceOrientationPortrait UIInterfaceOrientationLandscapeLeft UIInterfaceOrientationLandscapeRight";
				LD_RUNPATH_SEARCH_PATHS = (
					"$(inherited)",
					"@executable_path/Frameworks",
				);
				MARKETING_VERSION = 1.0;
				PRODUCT_BUNDLE_IDENTIFIER = amelie.WorldWonders;
				PRODUCT_NAME = "$(TARGET_NAME)";
				SWIFT_EMIT_LOC_STRINGS = YES;
				SWIFT_VERSION = 5.0;
				TARGETED_DEVICE_FAMILY = "1,2";
			};
			name = Release;
		};
		312AAEC32B645475001E0BD5 /* Debug */ = {
			isa = XCBuildConfiguration;
			baseConfigurationReference = 6F51D7674FB1FFB39EA7A4FD /* Pods-WorldWondersTests.debug.xcconfig */;
			buildSettings = {
				ALWAYS_EMBED_SWIFT_STANDARD_LIBRARIES = YES;
				BUNDLE_LOADER = "$(TEST_HOST)";
				CODE_SIGN_STYLE = Automatic;
				CURRENT_PROJECT_VERSION = 1;
				GENERATE_INFOPLIST_FILE = YES;
				IPHONEOS_DEPLOYMENT_TARGET = 16.4;
				MARKETING_VERSION = 1.0;
				PRODUCT_BUNDLE_IDENTIFIER = amelie.WorldWondersTests;
				PRODUCT_NAME = "$(TARGET_NAME)";
				SWIFT_EMIT_LOC_STRINGS = NO;
				SWIFT_VERSION = 5.0;
				TARGETED_DEVICE_FAMILY = "1,2";
				TEST_HOST = "$(BUILT_PRODUCTS_DIR)/WorldWonders.app/$(BUNDLE_EXECUTABLE_FOLDER_PATH)/WorldWonders";
			};
			name = Debug;
		};
		312AAEC42B645475001E0BD5 /* Release */ = {
			isa = XCBuildConfiguration;
			baseConfigurationReference = 8684A4A277A0FFAD2C52D077 /* Pods-WorldWondersTests.release.xcconfig */;
			buildSettings = {
				ALWAYS_EMBED_SWIFT_STANDARD_LIBRARIES = YES;
				BUNDLE_LOADER = "$(TEST_HOST)";
				CODE_SIGN_STYLE = Automatic;
				CURRENT_PROJECT_VERSION = 1;
				GENERATE_INFOPLIST_FILE = YES;
				IPHONEOS_DEPLOYMENT_TARGET = 16.4;
				MARKETING_VERSION = 1.0;
				PRODUCT_BUNDLE_IDENTIFIER = amelie.WorldWondersTests;
				PRODUCT_NAME = "$(TARGET_NAME)";
				SWIFT_EMIT_LOC_STRINGS = NO;
				SWIFT_VERSION = 5.0;
				TARGETED_DEVICE_FAMILY = "1,2";
				TEST_HOST = "$(BUILT_PRODUCTS_DIR)/WorldWonders.app/$(BUNDLE_EXECUTABLE_FOLDER_PATH)/WorldWonders";
			};
			name = Release;
		};
		312AAEC62B645475001E0BD5 /* Debug */ = {
			isa = XCBuildConfiguration;
			baseConfigurationReference = 57E9E274E803345E72686A81 /* Pods-WorldWonders-WorldWondersUITests.debug.xcconfig */;
			buildSettings = {
				ALWAYS_EMBED_SWIFT_STANDARD_LIBRARIES = YES;
				CODE_SIGN_STYLE = Automatic;
				CURRENT_PROJECT_VERSION = 1;
				GENERATE_INFOPLIST_FILE = YES;
				MARKETING_VERSION = 1.0;
				PRODUCT_BUNDLE_IDENTIFIER = amelie.WorldWondersUITests;
				PRODUCT_NAME = "$(TARGET_NAME)";
				SWIFT_EMIT_LOC_STRINGS = NO;
				SWIFT_VERSION = 5.0;
				TARGETED_DEVICE_FAMILY = "1,2";
				TEST_TARGET_NAME = WorldWonders;
			};
			name = Debug;
		};
		312AAEC72B645475001E0BD5 /* Release */ = {
			isa = XCBuildConfiguration;
			baseConfigurationReference = 0B782085A3A90E80327FE959 /* Pods-WorldWonders-WorldWondersUITests.release.xcconfig */;
			buildSettings = {
				ALWAYS_EMBED_SWIFT_STANDARD_LIBRARIES = YES;
				CODE_SIGN_STYLE = Automatic;
				CURRENT_PROJECT_VERSION = 1;
				GENERATE_INFOPLIST_FILE = YES;
				MARKETING_VERSION = 1.0;
				PRODUCT_BUNDLE_IDENTIFIER = amelie.WorldWondersUITests;
				PRODUCT_NAME = "$(TARGET_NAME)";
				SWIFT_EMIT_LOC_STRINGS = NO;
				SWIFT_VERSION = 5.0;
				TARGETED_DEVICE_FAMILY = "1,2";
				TEST_TARGET_NAME = WorldWonders;
			};
			name = Release;
		};
/* End XCBuildConfiguration section */

/* Begin XCConfigurationList section */
		312AAE902B64546F001E0BD5 /* Build configuration list for PBXProject "WorldWonders" */ = {
			isa = XCConfigurationList;
			buildConfigurations = (
				312AAEBD2B645475001E0BD5 /* Debug */,
				312AAEBE2B645475001E0BD5 /* Release */,
			);
			defaultConfigurationIsVisible = 0;
			defaultConfigurationName = Release;
		};
		312AAEBF2B645475001E0BD5 /* Build configuration list for PBXNativeTarget "WorldWonders" */ = {
			isa = XCConfigurationList;
			buildConfigurations = (
				312AAEC02B645475001E0BD5 /* Debug */,
				312AAEC12B645475001E0BD5 /* Release */,
			);
			defaultConfigurationIsVisible = 0;
			defaultConfigurationName = Release;
		};
		312AAEC22B645475001E0BD5 /* Build configuration list for PBXNativeTarget "WorldWondersTests" */ = {
			isa = XCConfigurationList;
			buildConfigurations = (
				312AAEC32B645475001E0BD5 /* Debug */,
				312AAEC42B645475001E0BD5 /* Release */,
			);
			defaultConfigurationIsVisible = 0;
			defaultConfigurationName = Release;
		};
		312AAEC52B645475001E0BD5 /* Build configuration list for PBXNativeTarget "WorldWondersUITests" */ = {
			isa = XCConfigurationList;
			buildConfigurations = (
				312AAEC62B645475001E0BD5 /* Debug */,
				312AAEC72B645475001E0BD5 /* Release */,
			);
			defaultConfigurationIsVisible = 0;
			defaultConfigurationName = Release;
		};
/* End XCConfigurationList section */
	};
	rootObject = 312AAE8D2B64546F001E0BD5 /* Project object */;
}
